
Microsoft Visual Studio Solution File, Format Version 12.00
# Visual Studio Version 18
VisualStudioVersion = 18.2.11415.280
MinimumVisualStudioVersion = 10.0.40219.1
Project("{2150E333-8FDC-42A3-9474-1A3956D46DE8}") = "Libraries", "Libraries", "{A1B2C3D4-0001-0000-0000-000000000001}"
EndProject
Project("{2150E333-8FDC-42A3-9474-1A3956D46DE8}") = "Apps", "Apps", "{A1B2C3D4-0002-0000-0000-000000000001}"
EndProject
Project("{2150E333-8FDC-42A3-9474-1A3956D46DE8}") = "UI", "UI", "{A1B2C3D4-0003-0000-0000-000000000001}"
EndProject
Project("{2150E333-8FDC-42A3-9474-1A3956D46DE8}") = "_RechnerPlus", "_RechnerPlus", "{A1B2C3D4-1001-0000-0000-000000000001}"
EndProject
Project("{2150E333-8FDC-42A3-9474-1A3956D46DE8}") = "_ZeitManager", "_ZeitManager", "{A1B2C3D4-2001-0000-0000-000000000001}"
EndProject
Project("{2150E333-8FDC-42A3-9474-1A3956D46DE8}") = "_FinanzRechner", "_FinanzRechner", "{A1B2C3D4-3001-0000-0000-000000000001}"
EndProject
Project("{2150E333-8FDC-42A3-9474-1A3956D46DE8}") = "_HandwerkerRechner", "_HandwerkerRechner", "{A1B2C3D4-4001-0000-0000-000000000001}"
EndProject
Project("{FAE04EC0-301F-11D3-BF4B-00C04F79EFBC}") = "MeineApps.CalcLib", "src\Libraries\MeineApps.CalcLib\MeineApps.CalcLib.csproj", "{B1000001-0000-0000-0000-000000000001}"
EndProject
Project("{FAE04EC0-301F-11D3-BF4B-00C04F79EFBC}") = "MeineApps.Core.Ava", "src\Libraries\MeineApps.Core.Ava\MeineApps.Core.Ava.csproj", "{B1000002-0000-0000-0000-000000000001}"
EndProject
Project("{FAE04EC0-301F-11D3-BF4B-00C04F79EFBC}") = "MeineApps.Core.Premium.Ava", "src\Libraries\MeineApps.Core.Premium.Ava\MeineApps.Core.Premium.Ava.csproj", "{B1000004-0000-0000-0000-000000000001}"
EndProject
Project("{FAE04EC0-301F-11D3-BF4B-00C04F79EFBC}") = "MeineApps.UI", "src\UI\MeineApps.UI\MeineApps.UI.csproj", "{B1000003-0000-0000-0000-000000000001}"
EndProject
Project("{FAE04EC0-301F-11D3-BF4B-00C04F79EFBC}") = "RechnerPlus.Shared", "src\Apps\RechnerPlus\RechnerPlus.Shared\RechnerPlus.Shared.csproj", "{C1000001-0000-0000-0000-000000000001}"
EndProject
Project("{FAE04EC0-301F-11D3-BF4B-00C04F79EFBC}") = "RechnerPlus.Android", "src\Apps\RechnerPlus\RechnerPlus.Android\RechnerPlus.Android.csproj", "{C1000002-0000-0000-0000-000000000001}"
EndProject
Project("{FAE04EC0-301F-11D3-BF4B-00C04F79EFBC}") = "RechnerPlus.Desktop", "src\Apps\RechnerPlus\RechnerPlus.Desktop\RechnerPlus.Desktop.csproj", "{C1000003-0000-0000-0000-000000000001}"
EndProject
Project("{FAE04EC0-301F-11D3-BF4B-00C04F79EFBC}") = "ZeitManager.Shared", "src\Apps\ZeitManager\ZeitManager.Shared\ZeitManager.Shared.csproj", "{C2000001-0000-0000-0000-000000000001}"
EndProject
Project("{FAE04EC0-301F-11D3-BF4B-00C04F79EFBC}") = "ZeitManager.Android", "src\Apps\ZeitManager\ZeitManager.Android\ZeitManager.Android.csproj", "{C2000002-0000-0000-0000-000000000001}"
EndProject
Project("{FAE04EC0-301F-11D3-BF4B-00C04F79EFBC}") = "ZeitManager.Desktop", "src\Apps\ZeitManager\ZeitManager.Desktop\ZeitManager.Desktop.csproj", "{C2000003-0000-0000-0000-000000000001}"
EndProject
Project("{FAE04EC0-301F-11D3-BF4B-00C04F79EFBC}") = "FinanzRechner.Shared", "src\Apps\FinanzRechner\FinanzRechner.Shared\FinanzRechner.Shared.csproj", "{C3000001-0000-0000-0000-000000000001}"
EndProject
Project("{FAE04EC0-301F-11D3-BF4B-00C04F79EFBC}") = "FinanzRechner.Android", "src\Apps\FinanzRechner\FinanzRechner.Android\FinanzRechner.Android.csproj", "{C3000002-0000-0000-0000-000000000001}"
EndProject
Project("{FAE04EC0-301F-11D3-BF4B-00C04F79EFBC}") = "FinanzRechner.Desktop", "src\Apps\FinanzRechner\FinanzRechner.Desktop\FinanzRechner.Desktop.csproj", "{C3000003-0000-0000-0000-000000000001}"
EndProject
Project("{FAE04EC0-301F-11D3-BF4B-00C04F79EFBC}") = "HandwerkerRechner.Shared", "src\Apps\HandwerkerRechner\HandwerkerRechner.Shared\HandwerkerRechner.Shared.csproj", "{C4000001-0000-0000-0000-000000000001}"
EndProject
Project("{FAE04EC0-301F-11D3-BF4B-00C04F79EFBC}") = "HandwerkerRechner.Android", "src\Apps\HandwerkerRechner\HandwerkerRechner.Android\HandwerkerRechner.Android.csproj", "{C4000002-0000-0000-0000-000000000001}"
EndProject
Project("{FAE04EC0-301F-11D3-BF4B-00C04F79EFBC}") = "HandwerkerRechner.Desktop", "src\Apps\HandwerkerRechner\HandwerkerRechner.Desktop\HandwerkerRechner.Desktop.csproj", "{C4000003-0000-0000-0000-000000000001}"
EndProject
Project("{2150E333-8FDC-42A3-9474-1A3956D46DE8}") = "_FitnessRechner", "_FitnessRechner", "{A1B2C3D4-5001-0000-0000-000000000001}"
EndProject
Project("{FAE04EC0-301F-11D3-BF4B-00C04F79EFBC}") = "FitnessRechner.Shared", "src\Apps\FitnessRechner\FitnessRechner.Shared\FitnessRechner.Shared.csproj", "{20F9C04F-53B8-4AE0-9550-DA72213C35EA}"
EndProject
Project("{FAE04EC0-301F-11D3-BF4B-00C04F79EFBC}") = "FitnessRechner.Desktop", "src\Apps\FitnessRechner\FitnessRechner.Desktop\FitnessRechner.Desktop.csproj", "{81365CDB-EB28-4930-8F1D-CB25B8117AF1}"
EndProject
Project("{FAE04EC0-301F-11D3-BF4B-00C04F79EFBC}") = "FitnessRechner.Android", "src\Apps\FitnessRechner\FitnessRechner.Android\FitnessRechner.Android.csproj", "{CD73C57C-C46A-470F-B2C9-703C6388AC36}"
EndProject
Project("{2150E333-8FDC-42A3-9474-1A3956D46DE8}") = "_HandwerkerImperium", "_HandwerkerImperium", "{A1B2C3D4-6001-0000-0000-000000000001}"
EndProject
Project("{FAE04EC0-301F-11D3-BF4B-00C04F79EFBC}") = "HandwerkerImperium.Shared", "src\Apps\HandwerkerImperium\HandwerkerImperium.Shared\HandwerkerImperium.Shared.csproj", "{C6000001-0000-0000-0000-000000000001}"
EndProject
Project("{FAE04EC0-301F-11D3-BF4B-00C04F79EFBC}") = "HandwerkerImperium.Android", "src\Apps\HandwerkerImperium\HandwerkerImperium.Android\HandwerkerImperium.Android.csproj", "{C6000002-0000-0000-0000-000000000001}"
EndProject
Project("{FAE04EC0-301F-11D3-BF4B-00C04F79EFBC}") = "HandwerkerImperium.Desktop", "src\Apps\HandwerkerImperium\HandwerkerImperium.Desktop\HandwerkerImperium.Desktop.csproj", "{C6000003-0000-0000-0000-000000000001}"
EndProject
Project("{2150E333-8FDC-42A3-9474-1A3956D46DE8}") = "_WorkTimePro", "_WorkTimePro", "{A1B2C3D4-7001-0000-0000-000000000001}"
EndProject
Project("{FAE04EC0-301F-11D3-BF4B-00C04F79EFBC}") = "WorkTimePro.Shared", "src\Apps\WorkTimePro\WorkTimePro.Shared\WorkTimePro.Shared.csproj", "{C7000001-0000-0000-0000-000000000001}"
EndProject
Project("{FAE04EC0-301F-11D3-BF4B-00C04F79EFBC}") = "WorkTimePro.Android", "src\Apps\WorkTimePro\WorkTimePro.Android\WorkTimePro.Android.csproj", "{C7000002-0000-0000-0000-000000000001}"
EndProject
Project("{FAE04EC0-301F-11D3-BF4B-00C04F79EFBC}") = "WorkTimePro.Desktop", "src\Apps\WorkTimePro\WorkTimePro.Desktop\WorkTimePro.Desktop.csproj", "{C7000003-0000-0000-0000-000000000001}"
EndProject
Project("{2150E333-8FDC-42A3-9474-1A3956D46DE8}") = "_BomberBlast", "_BomberBlast", "{3BF06301-3239-54F7-30C7-AC05575DA22E}"
EndProject
Project("{FAE04EC0-301F-11D3-BF4B-00C04F79EFBC}") = "BomberBlast.Shared", "src\Apps\BomberBlast\BomberBlast.Shared\BomberBlast.Shared.csproj", "{40C43126-E202-42E3-B7E3-932DBB669728}"
EndProject
Project("{FAE04EC0-301F-11D3-BF4B-00C04F79EFBC}") = "BomberBlast.Desktop", "src\Apps\BomberBlast\BomberBlast.Desktop\BomberBlast.Desktop.csproj", "{970C2D9D-297C-446F-BE93-31C8190773F2}"
EndProject
Project("{FAE04EC0-301F-11D3-BF4B-00C04F79EFBC}") = "BomberBlast.Android", "src\Apps\BomberBlast\BomberBlast.Android\BomberBlast.Android.csproj", "{FB13B34D-A682-48BE-8CA3-77FDBE431602}"
EndProject
Project("{2150E333-8FDC-42A3-9474-1A3956D46DE8}") = "tools", "tools", "{07C2787E-EAC7-C090-1BA3-A61EC2A24D84}"
EndProject
Project("{FAE04EC0-301F-11D3-BF4B-00C04F79EFBC}") = "SocialPostGenerator", "tools\SocialPostGenerator\SocialPostGenerator.csproj", "{47CED905-C254-4DC0-8A81-FA741F87945F}"
EndProject
Project("{2150E333-8FDC-42A3-9474-1A3956D46DE8}") = "_RebornSaga", "_RebornSaga", "{CDFD87C4-AF87-0765-9179-C98F95EF531E}"
EndProject
Project("{FAE04EC0-301F-11D3-BF4B-00C04F79EFBC}") = "RebornSaga.Shared", "src\Apps\RebornSaga\RebornSaga.Shared\RebornSaga.Shared.csproj", "{91F82D12-34CB-4AFC-8652-6B521D9257E3}"
EndProject
Project("{FAE04EC0-301F-11D3-BF4B-00C04F79EFBC}") = "RebornSaga.Desktop", "src\Apps\RebornSaga\RebornSaga.Desktop\RebornSaga.Desktop.csproj", "{F03E037E-7993-4214-A76B-B146DD62A93A}"
EndProject
Project("{FAE04EC0-301F-11D3-BF4B-00C04F79EFBC}") = "RebornSaga.Android", "src\Apps\RebornSaga\RebornSaga.Android\RebornSaga.Android.csproj", "{477C5B1F-5427-48E1-BBAC-04F04D62574C}"
EndProject
Project("{2150E333-8FDC-42A3-9474-1A3956D46DE8}") = "tests", "tests", "{0AB3BF05-4346-4AA6-1389-037BE0695223}"
EndProject
Project("{FAE04EC0-301F-11D3-BF4B-00C04F79EFBC}") = "FitnessRechner.Tests", "tests\FitnessRechner.Tests\FitnessRechner.Tests.csproj", "{3B30F3C0-E05D-45C6-816A-55995076D4BB}"
EndProject
Project("{2150E333-8FDC-42A3-9474-1A3956D46DE8}") = "src", "src", "{827E0CD3-B72D-47B6-A68D-7590B98EB39B}"
EndProject
Project("{2150E333-8FDC-42A3-9474-1A3956D46DE8}") = "Apps", "Apps", "{AD2A5A3B-A595-3E96-334A-002D08FE630C}"
EndProject
Project("{2150E333-8FDC-42A3-9474-1A3956D46DE8}") = "FitnessRechner", "FitnessRechner", "{94C6F543-D752-257F-66AD-D186122F4138}"
EndProject
Project("{FAE04EC0-301F-11D3-BF4B-00C04F79EFBC}") = "ZeitManager.Tests", "tests\ZeitManager.Tests\ZeitManager.Tests.csproj", "{D7CF0DE9-C89D-4ED1-9CF8-0FD943AF8723}"
EndProject
Project("{2150E333-8FDC-42A3-9474-1A3956D46DE8}") = "ZeitManager", "ZeitManager", "{4217719E-3E58-90B2-50A7-68E509579D19}"
EndProject
Project("{FAE04EC0-301F-11D3-BF4B-00C04F79EFBC}") = "FinanzRechner.Tests", "tests\FinanzRechner.Tests\FinanzRechner.Tests.csproj", "{28FEB109-DA59-4511-B35E-B528A81B1C26}"
EndProject
Project("{FAE04EC0-301F-11D3-BF4B-00C04F79EFBC}") = "HandwerkerRechner.Tests", "tests\HandwerkerRechner.Tests\HandwerkerRechner.Tests.csproj", "{3E51BE61-FDFE-4D01-B596-64F318DE4C9B}"
EndProject
Project("{FAE04EC0-301F-11D3-BF4B-00C04F79EFBC}") = "MeineApps.CalcLib.Tests", "tests\MeineApps.CalcLib.Tests\MeineApps.CalcLib.Tests.csproj", "{8817EDC5-BD3F-4D61-B620-394191538B4C}"
EndProject
Project("{2150E333-8FDC-42A3-9474-1A3956D46DE8}") = "Libraries", "Libraries", "{5E7EC0AF-E837-5B7A-FB41-A4DCCA877D1F}"
EndProject
Project("{FAE04EC0-301F-11D3-BF4B-00C04F79EFBC}") = "RechnerPlus.Tests", "tests\RechnerPlus.Tests\RechnerPlus.Tests.csproj", "{1A278248-2759-4817-97DE-56C3EA174896}"
EndProject
Project("{2150E333-8FDC-42A3-9474-1A3956D46DE8}") = "RechnerPlus", "RechnerPlus", "{AD833A8E-31CB-AE4A-DAF2-9E8D6841A831}"
EndProject
Project("{FAE04EC0-301F-11D3-BF4B-00C04F79EFBC}") = "BomberBlast.Tests", "tests\BomberBlast.Tests\BomberBlast.Tests.csproj", "{BDA87176-7B1C-4BE9-9A2F-013147DA5897}"
EndProject
Project("{2150E333-8FDC-42A3-9474-1A3956D46DE8}") = "BomberBlast", "BomberBlast", "{AF3CBDC1-20E6-4B1C-C1B1-D1421EE4E4D4}"
EndProject
Project("{FAE04EC0-301F-11D3-BF4B-00C04F79EFBC}") = "RebornSaga.Tests", "tests\RebornSaga.Tests\RebornSaga.Tests.csproj", "{250FFD69-EBD3-41A3-B3F6-D1F49BB19DD6}"
EndProject
Project("{2150E333-8FDC-42A3-9474-1A3956D46DE8}") = "RebornSaga", "RebornSaga", "{389585AD-F451-4FE0-831B-798AA43C75C2}"
EndProject
Project("{FAE04EC0-301F-11D3-BF4B-00C04F79EFBC}") = "WorkTimePro.Tests", "tests\WorkTimePro.Tests\WorkTimePro.Tests.csproj", "{C1C34F21-B90F-40D4-8D34-A3AABF4AED48}"
EndProject
Project("{2150E333-8FDC-42A3-9474-1A3956D46DE8}") = "WorkTimePro", "WorkTimePro", "{73D10DB8-6871-9340-DB26-D5650ACD39F9}"
EndProject
Project("{FAE04EC0-301F-11D3-BF4B-00C04F79EFBC}") = "HandwerkerImperium.Tests", "tests\HandwerkerImperium.Tests\HandwerkerImperium.Tests.csproj", "{73ECA68E-FA31-47D7-9C95-9F20018D3212}"
EndProject
Project("{2150E333-8FDC-42A3-9474-1A3956D46DE8}") = "HandwerkerImperium", "HandwerkerImperium", "{9B2C4A21-0274-9E13-90E1-404FF7D86C23}"
EndProject
Global
	GlobalSection(SolutionConfigurationPlatforms) = preSolution
		Debug|Any CPU = Debug|Any CPU
		Debug|x64 = Debug|x64
		Debug|x86 = Debug|x86
		Release|Any CPU = Release|Any CPU
		Release|x64 = Release|x64
		Release|x86 = Release|x86
	EndGlobalSection
	GlobalSection(ProjectConfigurationPlatforms) = postSolution
		{B1000001-0000-0000-0000-000000000001}.Debug|Any CPU.ActiveCfg = Debug|Any CPU
		{B1000001-0000-0000-0000-000000000001}.Debug|Any CPU.Build.0 = Debug|Any CPU
		{B1000001-0000-0000-0000-000000000001}.Debug|x64.ActiveCfg = Debug|Any CPU
		{B1000001-0000-0000-0000-000000000001}.Debug|x64.Build.0 = Debug|Any CPU
		{B1000001-0000-0000-0000-000000000001}.Debug|x86.ActiveCfg = Debug|Any CPU
		{B1000001-0000-0000-0000-000000000001}.Debug|x86.Build.0 = Debug|Any CPU
		{B1000001-0000-0000-0000-000000000001}.Release|Any CPU.ActiveCfg = Release|Any CPU
		{B1000001-0000-0000-0000-000000000001}.Release|Any CPU.Build.0 = Release|Any CPU
		{B1000001-0000-0000-0000-000000000001}.Release|x64.ActiveCfg = Release|Any CPU
		{B1000001-0000-0000-0000-000000000001}.Release|x64.Build.0 = Release|Any CPU
		{B1000001-0000-0000-0000-000000000001}.Release|x86.ActiveCfg = Release|Any CPU
		{B1000001-0000-0000-0000-000000000001}.Release|x86.Build.0 = Release|Any CPU
		{B1000002-0000-0000-0000-000000000001}.Debug|Any CPU.ActiveCfg = Debug|Any CPU
		{B1000002-0000-0000-0000-000000000001}.Debug|Any CPU.Build.0 = Debug|Any CPU
		{B1000002-0000-0000-0000-000000000001}.Debug|x64.ActiveCfg = Debug|Any CPU
		{B1000002-0000-0000-0000-000000000001}.Debug|x64.Build.0 = Debug|Any CPU
		{B1000002-0000-0000-0000-000000000001}.Debug|x86.ActiveCfg = Debug|Any CPU
		{B1000002-0000-0000-0000-000000000001}.Debug|x86.Build.0 = Debug|Any CPU
		{B1000002-0000-0000-0000-000000000001}.Release|Any CPU.ActiveCfg = Release|Any CPU
		{B1000002-0000-0000-0000-000000000001}.Release|Any CPU.Build.0 = Release|Any CPU
		{B1000002-0000-0000-0000-000000000001}.Release|x64.ActiveCfg = Release|Any CPU
		{B1000002-0000-0000-0000-000000000001}.Release|x64.Build.0 = Release|Any CPU
		{B1000002-0000-0000-0000-000000000001}.Release|x86.ActiveCfg = Release|Any CPU
		{B1000002-0000-0000-0000-000000000001}.Release|x86.Build.0 = Release|Any CPU
		{B1000004-0000-0000-0000-000000000001}.Debug|Any CPU.ActiveCfg = Debug|Any CPU
		{B1000004-0000-0000-0000-000000000001}.Debug|Any CPU.Build.0 = Debug|Any CPU
		{B1000004-0000-0000-0000-000000000001}.Debug|x64.ActiveCfg = Debug|Any CPU
		{B1000004-0000-0000-0000-000000000001}.Debug|x64.Build.0 = Debug|Any CPU
		{B1000004-0000-0000-0000-000000000001}.Debug|x86.ActiveCfg = Debug|Any CPU
		{B1000004-0000-0000-0000-000000000001}.Debug|x86.Build.0 = Debug|Any CPU
		{B1000004-0000-0000-0000-000000000001}.Release|Any CPU.ActiveCfg = Release|Any CPU
		{B1000004-0000-0000-0000-000000000001}.Release|Any CPU.Build.0 = Release|Any CPU
		{B1000004-0000-0000-0000-000000000001}.Release|x64.ActiveCfg = Release|Any CPU
		{B1000004-0000-0000-0000-000000000001}.Release|x64.Build.0 = Release|Any CPU
		{B1000004-0000-0000-0000-000000000001}.Release|x86.ActiveCfg = Release|Any CPU
		{B1000004-0000-0000-0000-000000000001}.Release|x86.Build.0 = Release|Any CPU
		{B1000003-0000-0000-0000-000000000001}.Debug|Any CPU.ActiveCfg = Debug|Any CPU
		{B1000003-0000-0000-0000-000000000001}.Debug|Any CPU.Build.0 = Debug|Any CPU
		{B1000003-0000-0000-0000-000000000001}.Debug|x64.ActiveCfg = Debug|Any CPU
		{B1000003-0000-0000-0000-000000000001}.Debug|x64.Build.0 = Debug|Any CPU
		{B1000003-0000-0000-0000-000000000001}.Debug|x86.ActiveCfg = Debug|Any CPU
		{B1000003-0000-0000-0000-000000000001}.Debug|x86.Build.0 = Debug|Any CPU
		{B1000003-0000-0000-0000-000000000001}.Release|Any CPU.ActiveCfg = Release|Any CPU
		{B1000003-0000-0000-0000-000000000001}.Release|Any CPU.Build.0 = Release|Any CPU
		{B1000003-0000-0000-0000-000000000001}.Release|x64.ActiveCfg = Release|Any CPU
		{B1000003-0000-0000-0000-000000000001}.Release|x64.Build.0 = Release|Any CPU
		{B1000003-0000-0000-0000-000000000001}.Release|x86.ActiveCfg = Release|Any CPU
		{B1000003-0000-0000-0000-000000000001}.Release|x86.Build.0 = Release|Any CPU
		{C1000001-0000-0000-0000-000000000001}.Debug|Any CPU.ActiveCfg = Debug|Any CPU
		{C1000001-0000-0000-0000-000000000001}.Debug|Any CPU.Build.0 = Debug|Any CPU
		{C1000001-0000-0000-0000-000000000001}.Debug|x64.ActiveCfg = Debug|Any CPU
		{C1000001-0000-0000-0000-000000000001}.Debug|x64.Build.0 = Debug|Any CPU
		{C1000001-0000-0000-0000-000000000001}.Debug|x86.ActiveCfg = Debug|Any CPU
		{C1000001-0000-0000-0000-000000000001}.Debug|x86.Build.0 = Debug|Any CPU
		{C1000001-0000-0000-0000-000000000001}.Release|Any CPU.ActiveCfg = Release|Any CPU
		{C1000001-0000-0000-0000-000000000001}.Release|Any CPU.Build.0 = Release|Any CPU
		{C1000001-0000-0000-0000-000000000001}.Release|x64.ActiveCfg = Release|Any CPU
		{C1000001-0000-0000-0000-000000000001}.Release|x64.Build.0 = Release|Any CPU
		{C1000001-0000-0000-0000-000000000001}.Release|x86.ActiveCfg = Release|Any CPU
		{C1000001-0000-0000-0000-000000000001}.Release|x86.Build.0 = Release|Any CPU
		{C1000002-0000-0000-0000-000000000001}.Debug|Any CPU.ActiveCfg = Debug|Any CPU
		{C1000002-0000-0000-0000-000000000001}.Debug|Any CPU.Build.0 = Debug|Any CPU
		{C1000002-0000-0000-0000-000000000001}.Debug|Any CPU.Deploy.0 = Debug|Any CPU
		{C1000002-0000-0000-0000-000000000001}.Debug|x64.ActiveCfg = Debug|Any CPU
		{C1000002-0000-0000-0000-000000000001}.Debug|x64.Build.0 = Debug|Any CPU
		{C1000002-0000-0000-0000-000000000001}.Debug|x86.ActiveCfg = Debug|Any CPU
		{C1000002-0000-0000-0000-000000000001}.Debug|x86.Build.0 = Debug|Any CPU
		{C1000002-0000-0000-0000-000000000001}.Release|Any CPU.ActiveCfg = Release|Any CPU
		{C1000002-0000-0000-0000-000000000001}.Release|Any CPU.Build.0 = Release|Any CPU
		{C1000002-0000-0000-0000-000000000001}.Release|Any CPU.Deploy.0 = Release|Any CPU
		{C1000002-0000-0000-0000-000000000001}.Release|x64.ActiveCfg = Release|Any CPU
		{C1000002-0000-0000-0000-000000000001}.Release|x64.Build.0 = Release|Any CPU
		{C1000002-0000-0000-0000-000000000001}.Release|x86.ActiveCfg = Release|Any CPU
		{C1000002-0000-0000-0000-000000000001}.Release|x86.Build.0 = Release|Any CPU
		{C1000003-0000-0000-0000-000000000001}.Debug|Any CPU.ActiveCfg = Debug|Any CPU
		{C1000003-0000-0000-0000-000000000001}.Debug|Any CPU.Build.0 = Debug|Any CPU
		{C1000003-0000-0000-0000-000000000001}.Debug|x64.ActiveCfg = Debug|Any CPU
		{C1000003-0000-0000-0000-000000000001}.Debug|x64.Build.0 = Debug|Any CPU
		{C1000003-0000-0000-0000-000000000001}.Debug|x86.ActiveCfg = Debug|Any CPU
		{C1000003-0000-0000-0000-000000000001}.Debug|x86.Build.0 = Debug|Any CPU
		{C1000003-0000-0000-0000-000000000001}.Release|Any CPU.ActiveCfg = Release|Any CPU
		{C1000003-0000-0000-0000-000000000001}.Release|Any CPU.Build.0 = Release|Any CPU
		{C1000003-0000-0000-0000-000000000001}.Release|x64.ActiveCfg = Release|Any CPU
		{C1000003-0000-0000-0000-000000000001}.Release|x64.Build.0 = Release|Any CPU
		{C1000003-0000-0000-0000-000000000001}.Release|x86.ActiveCfg = Release|Any CPU
		{C1000003-0000-0000-0000-000000000001}.Release|x86.Build.0 = Release|Any CPU
		{C2000001-0000-0000-0000-000000000001}.Debug|Any CPU.ActiveCfg = Debug|Any CPU
		{C2000001-0000-0000-0000-000000000001}.Debug|Any CPU.Build.0 = Debug|Any CPU
		{C2000001-0000-0000-0000-000000000001}.Debug|x64.ActiveCfg = Debug|Any CPU
		{C2000001-0000-0000-0000-000000000001}.Debug|x64.Build.0 = Debug|Any CPU
		{C2000001-0000-0000-0000-000000000001}.Debug|x86.ActiveCfg = Debug|Any CPU
		{C2000001-0000-0000-0000-000000000001}.Debug|x86.Build.0 = Debug|Any CPU
		{C2000001-0000-0000-0000-000000000001}.Release|Any CPU.ActiveCfg = Release|Any CPU
		{C2000001-0000-0000-0000-000000000001}.Release|Any CPU.Build.0 = Release|Any CPU
		{C2000001-0000-0000-0000-000000000001}.Release|x64.ActiveCfg = Release|Any CPU
		{C2000001-0000-0000-0000-000000000001}.Release|x64.Build.0 = Release|Any CPU
		{C2000001-0000-0000-0000-000000000001}.Release|x86.ActiveCfg = Release|Any CPU
		{C2000001-0000-0000-0000-000000000001}.Release|x86.Build.0 = Release|Any CPU
		{C2000002-0000-0000-0000-000000000001}.Debug|Any CPU.ActiveCfg = Debug|Any CPU
		{C2000002-0000-0000-0000-000000000001}.Debug|Any CPU.Build.0 = Debug|Any CPU
		{C2000002-0000-0000-0000-000000000001}.Debug|Any CPU.Deploy.0 = Debug|Any CPU
		{C2000002-0000-0000-0000-000000000001}.Debug|x64.ActiveCfg = Debug|Any CPU
		{C2000002-0000-0000-0000-000000000001}.Debug|x64.Build.0 = Debug|Any CPU
		{C2000002-0000-0000-0000-000000000001}.Debug|x86.ActiveCfg = Debug|Any CPU
		{C2000002-0000-0000-0000-000000000001}.Debug|x86.Build.0 = Debug|Any CPU
		{C2000002-0000-0000-0000-000000000001}.Release|Any CPU.ActiveCfg = Release|Any CPU
		{C2000002-0000-0000-0000-000000000001}.Release|Any CPU.Build.0 = Release|Any CPU
		{C2000002-0000-0000-0000-000000000001}.Release|Any CPU.Deploy.0 = Release|Any CPU
		{C2000002-0000-0000-0000-000000000001}.Release|x64.ActiveCfg = Release|Any CPU
		{C2000002-0000-0000-0000-000000000001}.Release|x64.Build.0 = Release|Any CPU
		{C2000002-0000-0000-0000-000000000001}.Release|x86.ActiveCfg = Release|Any CPU
		{C2000002-0000-0000-0000-000000000001}.Release|x86.Build.0 = Release|Any CPU
		{C2000003-0000-0000-0000-000000000001}.Debug|Any CPU.ActiveCfg = Debug|Any CPU
		{C2000003-0000-0000-0000-000000000001}.Debug|Any CPU.Build.0 = Debug|Any CPU
		{C2000003-0000-0000-0000-000000000001}.Debug|x64.ActiveCfg = Debug|Any CPU
		{C2000003-0000-0000-0000-000000000001}.Debug|x64.Build.0 = Debug|Any CPU
		{C2000003-0000-0000-0000-000000000001}.Debug|x86.ActiveCfg = Debug|Any CPU
		{C2000003-0000-0000-0000-000000000001}.Debug|x86.Build.0 = Debug|Any CPU
		{C2000003-0000-0000-0000-000000000001}.Release|Any CPU.ActiveCfg = Release|Any CPU
		{C2000003-0000-0000-0000-000000000001}.Release|Any CPU.Build.0 = Release|Any CPU
		{C2000003-0000-0000-0000-000000000001}.Release|x64.ActiveCfg = Release|Any CPU
		{C2000003-0000-0000-0000-000000000001}.Release|x64.Build.0 = Release|Any CPU
		{C2000003-0000-0000-0000-000000000001}.Release|x86.ActiveCfg = Release|Any CPU
		{C2000003-0000-0000-0000-000000000001}.Release|x86.Build.0 = Release|Any CPU
		{C3000001-0000-0000-0000-000000000001}.Debug|Any CPU.ActiveCfg = Debug|Any CPU
		{C3000001-0000-0000-0000-000000000001}.Debug|Any CPU.Build.0 = Debug|Any CPU
		{C3000001-0000-0000-0000-000000000001}.Debug|x64.ActiveCfg = Debug|Any CPU
		{C3000001-0000-0000-0000-000000000001}.Debug|x64.Build.0 = Debug|Any CPU
		{C3000001-0000-0000-0000-000000000001}.Debug|x86.ActiveCfg = Debug|Any CPU
		{C3000001-0000-0000-0000-000000000001}.Debug|x86.Build.0 = Debug|Any CPU
		{C3000001-0000-0000-0000-000000000001}.Release|Any CPU.ActiveCfg = Release|Any CPU
		{C3000001-0000-0000-0000-000000000001}.Release|Any CPU.Build.0 = Release|Any CPU
		{C3000001-0000-0000-0000-000000000001}.Release|x64.ActiveCfg = Release|Any CPU
		{C3000001-0000-0000-0000-000000000001}.Release|x64.Build.0 = Release|Any CPU
		{C3000001-0000-0000-0000-000000000001}.Release|x86.ActiveCfg = Release|Any CPU
		{C3000001-0000-0000-0000-000000000001}.Release|x86.Build.0 = Release|Any CPU
		{C3000002-0000-0000-0000-000000000001}.Debug|Any CPU.ActiveCfg = Debug|Any CPU
		{C3000002-0000-0000-0000-000000000001}.Debug|Any CPU.Build.0 = Debug|Any CPU
		{C3000002-0000-0000-0000-000000000001}.Debug|Any CPU.Deploy.0 = Debug|Any CPU
		{C3000002-0000-0000-0000-000000000001}.Debug|x64.ActiveCfg = Debug|Any CPU
		{C3000002-0000-0000-0000-000000000001}.Debug|x64.Build.0 = Debug|Any CPU
		{C3000002-0000-0000-0000-000000000001}.Debug|x86.ActiveCfg = Debug|Any CPU
		{C3000002-0000-0000-0000-000000000001}.Debug|x86.Build.0 = Debug|Any CPU
		{C3000002-0000-0000-0000-000000000001}.Release|Any CPU.ActiveCfg = Release|Any CPU
		{C3000002-0000-0000-0000-000000000001}.Release|Any CPU.Build.0 = Release|Any CPU
		{C3000002-0000-0000-0000-000000000001}.Release|Any CPU.Deploy.0 = Release|Any CPU
		{C3000002-0000-0000-0000-000000000001}.Release|x64.ActiveCfg = Release|Any CPU
		{C3000002-0000-0000-0000-000000000001}.Release|x64.Build.0 = Release|Any CPU
		{C3000002-0000-0000-0000-000000000001}.Release|x86.ActiveCfg = Release|Any CPU
		{C3000002-0000-0000-0000-000000000001}.Release|x86.Build.0 = Release|Any CPU
		{C3000003-0000-0000-0000-000000000001}.Debug|Any CPU.ActiveCfg = Debug|Any CPU
		{C3000003-0000-0000-0000-000000000001}.Debug|Any CPU.Build.0 = Debug|Any CPU
		{C3000003-0000-0000-0000-000000000001}.Debug|x64.ActiveCfg = Debug|Any CPU
		{C3000003-0000-0000-0000-000000000001}.Debug|x64.Build.0 = Debug|Any CPU
		{C3000003-0000-0000-0000-000000000001}.Debug|x86.ActiveCfg = Debug|Any CPU
		{C3000003-0000-0000-0000-000000000001}.Debug|x86.Build.0 = Debug|Any CPU
		{C3000003-0000-0000-0000-000000000001}.Release|Any CPU.ActiveCfg = Release|Any CPU
		{C3000003-0000-0000-0000-000000000001}.Release|Any CPU.Build.0 = Release|Any CPU
		{C3000003-0000-0000-0000-000000000001}.Release|x64.ActiveCfg = Release|Any CPU
		{C3000003-0000-0000-0000-000000000001}.Release|x64.Build.0 = Release|Any CPU
		{C3000003-0000-0000-0000-000000000001}.Release|x86.ActiveCfg = Release|Any CPU
		{C3000003-0000-0000-0000-000000000001}.Release|x86.Build.0 = Release|Any CPU
		{C4000001-0000-0000-0000-000000000001}.Debug|Any CPU.ActiveCfg = Debug|Any CPU
		{C4000001-0000-0000-0000-000000000001}.Debug|Any CPU.Build.0 = Debug|Any CPU
		{C4000001-0000-0000-0000-000000000001}.Debug|x64.ActiveCfg = Debug|Any CPU
		{C4000001-0000-0000-0000-000000000001}.Debug|x64.Build.0 = Debug|Any CPU
		{C4000001-0000-0000-0000-000000000001}.Debug|x86.ActiveCfg = Debug|Any CPU
		{C4000001-0000-0000-0000-000000000001}.Debug|x86.Build.0 = Debug|Any CPU
		{C4000001-0000-0000-0000-000000000001}.Release|Any CPU.ActiveCfg = Release|Any CPU
		{C4000001-0000-0000-0000-000000000001}.Release|Any CPU.Build.0 = Release|Any CPU
		{C4000001-0000-0000-0000-000000000001}.Release|x64.ActiveCfg = Release|Any CPU
		{C4000001-0000-0000-0000-000000000001}.Release|x64.Build.0 = Release|Any CPU
		{C4000001-0000-0000-0000-000000000001}.Release|x86.ActiveCfg = Release|Any CPU
		{C4000001-0000-0000-0000-000000000001}.Release|x86.Build.0 = Release|Any CPU
		{C4000002-0000-0000-0000-000000000001}.Debug|Any CPU.ActiveCfg = Debug|Any CPU
		{C4000002-0000-0000-0000-000000000001}.Debug|Any CPU.Build.0 = Debug|Any CPU
		{C4000002-0000-0000-0000-000000000001}.Debug|Any CPU.Deploy.0 = Debug|Any CPU
		{C4000002-0000-0000-0000-000000000001}.Debug|x64.ActiveCfg = Debug|Any CPU
		{C4000002-0000-0000-0000-000000000001}.Debug|x64.Build.0 = Debug|Any CPU
		{C4000002-0000-0000-0000-000000000001}.Debug|x86.ActiveCfg = Debug|Any CPU
		{C4000002-0000-0000-0000-000000000001}.Debug|x86.Build.0 = Debug|Any CPU
		{C4000002-0000-0000-0000-000000000001}.Release|Any CPU.ActiveCfg = Release|Any CPU
		{C4000002-0000-0000-0000-000000000001}.Release|Any CPU.Build.0 = Release|Any CPU
		{C4000002-0000-0000-0000-000000000001}.Release|Any CPU.Deploy.0 = Release|Any CPU
		{C4000002-0000-0000-0000-000000000001}.Release|x64.ActiveCfg = Release|Any CPU
		{C4000002-0000-0000-0000-000000000001}.Release|x64.Build.0 = Release|Any CPU
		{C4000002-0000-0000-0000-000000000001}.Release|x86.ActiveCfg = Release|Any CPU
		{C4000002-0000-0000-0000-000000000001}.Release|x86.Build.0 = Release|Any CPU
		{C4000003-0000-0000-0000-000000000001}.Debug|Any CPU.ActiveCfg = Debug|Any CPU
		{C4000003-0000-0000-0000-000000000001}.Debug|Any CPU.Build.0 = Debug|Any CPU
		{C4000003-0000-0000-0000-000000000001}.Debug|x64.ActiveCfg = Debug|Any CPU
		{C4000003-0000-0000-0000-000000000001}.Debug|x64.Build.0 = Debug|Any CPU
		{C4000003-0000-0000-0000-000000000001}.Debug|x86.ActiveCfg = Debug|Any CPU
		{C4000003-0000-0000-0000-000000000001}.Debug|x86.Build.0 = Debug|Any CPU
		{C4000003-0000-0000-0000-000000000001}.Release|Any CPU.ActiveCfg = Release|Any CPU
		{C4000003-0000-0000-0000-000000000001}.Release|Any CPU.Build.0 = Release|Any CPU
		{C4000003-0000-0000-0000-000000000001}.Release|x64.ActiveCfg = Release|Any CPU
		{C4000003-0000-0000-0000-000000000001}.Release|x64.Build.0 = Release|Any CPU
		{C4000003-0000-0000-0000-000000000001}.Release|x86.ActiveCfg = Release|Any CPU
		{C4000003-0000-0000-0000-000000000001}.Release|x86.Build.0 = Release|Any CPU
		{20F9C04F-53B8-4AE0-9550-DA72213C35EA}.Debug|Any CPU.ActiveCfg = Debug|Any CPU
		{20F9C04F-53B8-4AE0-9550-DA72213C35EA}.Debug|Any CPU.Build.0 = Debug|Any CPU
		{20F9C04F-53B8-4AE0-9550-DA72213C35EA}.Debug|x64.ActiveCfg = Debug|Any CPU
		{20F9C04F-53B8-4AE0-9550-DA72213C35EA}.Debug|x64.Build.0 = Debug|Any CPU
		{20F9C04F-53B8-4AE0-9550-DA72213C35EA}.Debug|x86.ActiveCfg = Debug|Any CPU
		{20F9C04F-53B8-4AE0-9550-DA72213C35EA}.Debug|x86.Build.0 = Debug|Any CPU
		{20F9C04F-53B8-4AE0-9550-DA72213C35EA}.Release|Any CPU.ActiveCfg = Release|Any CPU
		{20F9C04F-53B8-4AE0-9550-DA72213C35EA}.Release|Any CPU.Build.0 = Release|Any CPU
		{20F9C04F-53B8-4AE0-9550-DA72213C35EA}.Release|x64.ActiveCfg = Release|Any CPU
		{20F9C04F-53B8-4AE0-9550-DA72213C35EA}.Release|x64.Build.0 = Release|Any CPU
		{20F9C04F-53B8-4AE0-9550-DA72213C35EA}.Release|x86.ActiveCfg = Release|Any CPU
		{20F9C04F-53B8-4AE0-9550-DA72213C35EA}.Release|x86.Build.0 = Release|Any CPU
		{81365CDB-EB28-4930-8F1D-CB25B8117AF1}.Debug|Any CPU.ActiveCfg = Debug|Any CPU
		{81365CDB-EB28-4930-8F1D-CB25B8117AF1}.Debug|Any CPU.Build.0 = Debug|Any CPU
		{81365CDB-EB28-4930-8F1D-CB25B8117AF1}.Debug|x64.ActiveCfg = Debug|Any CPU
		{81365CDB-EB28-4930-8F1D-CB25B8117AF1}.Debug|x64.Build.0 = Debug|Any CPU
		{81365CDB-EB28-4930-8F1D-CB25B8117AF1}.Debug|x86.ActiveCfg = Debug|Any CPU
		{81365CDB-EB28-4930-8F1D-CB25B8117AF1}.Debug|x86.Build.0 = Debug|Any CPU
		{81365CDB-EB28-4930-8F1D-CB25B8117AF1}.Release|Any CPU.ActiveCfg = Release|Any CPU
		{81365CDB-EB28-4930-8F1D-CB25B8117AF1}.Release|Any CPU.Build.0 = Release|Any CPU
		{81365CDB-EB28-4930-8F1D-CB25B8117AF1}.Release|x64.ActiveCfg = Release|Any CPU
		{81365CDB-EB28-4930-8F1D-CB25B8117AF1}.Release|x64.Build.0 = Release|Any CPU
		{81365CDB-EB28-4930-8F1D-CB25B8117AF1}.Release|x86.ActiveCfg = Release|Any CPU
		{81365CDB-EB28-4930-8F1D-CB25B8117AF1}.Release|x86.Build.0 = Release|Any CPU
		{CD73C57C-C46A-470F-B2C9-703C6388AC36}.Debug|Any CPU.ActiveCfg = Debug|Any CPU
		{CD73C57C-C46A-470F-B2C9-703C6388AC36}.Debug|Any CPU.Build.0 = Debug|Any CPU
		{CD73C57C-C46A-470F-B2C9-703C6388AC36}.Debug|Any CPU.Deploy.0 = Debug|Any CPU
		{CD73C57C-C46A-470F-B2C9-703C6388AC36}.Debug|x64.ActiveCfg = Debug|Any CPU
		{CD73C57C-C46A-470F-B2C9-703C6388AC36}.Debug|x64.Build.0 = Debug|Any CPU
		{CD73C57C-C46A-470F-B2C9-703C6388AC36}.Debug|x86.ActiveCfg = Debug|Any CPU
		{CD73C57C-C46A-470F-B2C9-703C6388AC36}.Debug|x86.Build.0 = Debug|Any CPU
		{CD73C57C-C46A-470F-B2C9-703C6388AC36}.Release|Any CPU.ActiveCfg = Release|Any CPU
		{CD73C57C-C46A-470F-B2C9-703C6388AC36}.Release|Any CPU.Build.0 = Release|Any CPU
		{CD73C57C-C46A-470F-B2C9-703C6388AC36}.Release|Any CPU.Deploy.0 = Release|Any CPU
		{CD73C57C-C46A-470F-B2C9-703C6388AC36}.Release|x64.ActiveCfg = Release|Any CPU
		{CD73C57C-C46A-470F-B2C9-703C6388AC36}.Release|x64.Build.0 = Release|Any CPU
		{CD73C57C-C46A-470F-B2C9-703C6388AC36}.Release|x86.ActiveCfg = Release|Any CPU
		{CD73C57C-C46A-470F-B2C9-703C6388AC36}.Release|x86.Build.0 = Release|Any CPU
		{C6000001-0000-0000-0000-000000000001}.Debug|Any CPU.ActiveCfg = Debug|Any CPU
		{C6000001-0000-0000-0000-000000000001}.Debug|Any CPU.Build.0 = Debug|Any CPU
		{C6000001-0000-0000-0000-000000000001}.Debug|x64.ActiveCfg = Debug|Any CPU
		{C6000001-0000-0000-0000-000000000001}.Debug|x64.Build.0 = Debug|Any CPU
		{C6000001-0000-0000-0000-000000000001}.Debug|x86.ActiveCfg = Debug|Any CPU
		{C6000001-0000-0000-0000-000000000001}.Debug|x86.Build.0 = Debug|Any CPU
		{C6000001-0000-0000-0000-000000000001}.Release|Any CPU.ActiveCfg = Release|Any CPU
		{C6000001-0000-0000-0000-000000000001}.Release|Any CPU.Build.0 = Release|Any CPU
		{C6000001-0000-0000-0000-000000000001}.Release|x64.ActiveCfg = Release|Any CPU
		{C6000001-0000-0000-0000-000000000001}.Release|x64.Build.0 = Release|Any CPU
		{C6000001-0000-0000-0000-000000000001}.Release|x86.ActiveCfg = Release|Any CPU
		{C6000001-0000-0000-0000-000000000001}.Release|x86.Build.0 = Release|Any CPU
		{C6000002-0000-0000-0000-000000000001}.Debug|Any CPU.ActiveCfg = Debug|Any CPU
		{C6000002-0000-0000-0000-000000000001}.Debug|Any CPU.Build.0 = Debug|Any CPU
		{C6000002-0000-0000-0000-000000000001}.Debug|Any CPU.Deploy.0 = Debug|Any CPU
		{C6000002-0000-0000-0000-000000000001}.Debug|x64.ActiveCfg = Debug|Any CPU
		{C6000002-0000-0000-0000-000000000001}.Debug|x64.Build.0 = Debug|Any CPU
		{C6000002-0000-0000-0000-000000000001}.Debug|x86.ActiveCfg = Debug|Any CPU
		{C6000002-0000-0000-0000-000000000001}.Debug|x86.Build.0 = Debug|Any CPU
		{C6000002-0000-0000-0000-000000000001}.Release|Any CPU.ActiveCfg = Release|Any CPU
		{C6000002-0000-0000-0000-000000000001}.Release|Any CPU.Build.0 = Release|Any CPU
		{C6000002-0000-0000-0000-000000000001}.Release|Any CPU.Deploy.0 = Release|Any CPU
		{C6000002-0000-0000-0000-000000000001}.Release|x64.ActiveCfg = Release|Any CPU
		{C6000002-0000-0000-0000-000000000001}.Release|x64.Build.0 = Release|Any CPU
		{C6000002-0000-0000-0000-000000000001}.Release|x86.ActiveCfg = Release|Any CPU
		{C6000002-0000-0000-0000-000000000001}.Release|x86.Build.0 = Release|Any CPU
		{C6000003-0000-0000-0000-000000000001}.Debug|Any CPU.ActiveCfg = Debug|Any CPU
		{C6000003-0000-0000-0000-000000000001}.Debug|Any CPU.Build.0 = Debug|Any CPU
		{C6000003-0000-0000-0000-000000000001}.Debug|x64.ActiveCfg = Debug|Any CPU
		{C6000003-0000-0000-0000-000000000001}.Debug|x64.Build.0 = Debug|Any CPU
		{C6000003-0000-0000-0000-000000000001}.Debug|x86.ActiveCfg = Debug|Any CPU
		{C6000003-0000-0000-0000-000000000001}.Debug|x86.Build.0 = Debug|Any CPU
		{C6000003-0000-0000-0000-000000000001}.Release|Any CPU.ActiveCfg = Release|Any CPU
		{C6000003-0000-0000-0000-000000000001}.Release|Any CPU.Build.0 = Release|Any CPU
		{C6000003-0000-0000-0000-000000000001}.Release|x64.ActiveCfg = Release|Any CPU
		{C6000003-0000-0000-0000-000000000001}.Release|x64.Build.0 = Release|Any CPU
		{C6000003-0000-0000-0000-000000000001}.Release|x86.ActiveCfg = Release|Any CPU
		{C6000003-0000-0000-0000-000000000001}.Release|x86.Build.0 = Release|Any CPU
		{C7000001-0000-0000-0000-000000000001}.Debug|Any CPU.ActiveCfg = Debug|Any CPU
		{C7000001-0000-0000-0000-000000000001}.Debug|Any CPU.Build.0 = Debug|Any CPU
		{C7000001-0000-0000-0000-000000000001}.Debug|x64.ActiveCfg = Debug|Any CPU
		{C7000001-0000-0000-0000-000000000001}.Debug|x64.Build.0 = Debug|Any CPU
		{C7000001-0000-0000-0000-000000000001}.Debug|x86.ActiveCfg = Debug|Any CPU
		{C7000001-0000-0000-0000-000000000001}.Debug|x86.Build.0 = Debug|Any CPU
		{C7000001-0000-0000-0000-000000000001}.Release|Any CPU.ActiveCfg = Release|Any CPU
		{C7000001-0000-0000-0000-000000000001}.Release|Any CPU.Build.0 = Release|Any CPU
		{C7000001-0000-0000-0000-000000000001}.Release|x64.ActiveCfg = Release|Any CPU
		{C7000001-0000-0000-0000-000000000001}.Release|x64.Build.0 = Release|Any CPU
		{C7000001-0000-0000-0000-000000000001}.Release|x86.ActiveCfg = Release|Any CPU
		{C7000001-0000-0000-0000-000000000001}.Release|x86.Build.0 = Release|Any CPU
		{C7000002-0000-0000-0000-000000000001}.Debug|Any CPU.ActiveCfg = Debug|Any CPU
		{C7000002-0000-0000-0000-000000000001}.Debug|Any CPU.Build.0 = Debug|Any CPU
		{C7000002-0000-0000-0000-000000000001}.Debug|Any CPU.Deploy.0 = Debug|Any CPU
		{C7000002-0000-0000-0000-000000000001}.Debug|x64.ActiveCfg = Debug|Any CPU
		{C7000002-0000-0000-0000-000000000001}.Debug|x64.Build.0 = Debug|Any CPU
		{C7000002-0000-0000-0000-000000000001}.Debug|x86.ActiveCfg = Debug|Any CPU
		{C7000002-0000-0000-0000-000000000001}.Debug|x86.Build.0 = Debug|Any CPU
		{C7000002-0000-0000-0000-000000000001}.Release|Any CPU.ActiveCfg = Release|Any CPU
		{C7000002-0000-0000-0000-000000000001}.Release|Any CPU.Build.0 = Release|Any CPU
		{C7000002-0000-0000-0000-000000000001}.Release|Any CPU.Deploy.0 = Release|Any CPU
		{C7000002-0000-0000-0000-000000000001}.Release|x64.ActiveCfg = Release|Any CPU
		{C7000002-0000-0000-0000-000000000001}.Release|x64.Build.0 = Release|Any CPU
		{C7000002-0000-0000-0000-000000000001}.Release|x86.ActiveCfg = Release|Any CPU
		{C7000002-0000-0000-0000-000000000001}.Release|x86.Build.0 = Release|Any CPU
		{C7000003-0000-0000-0000-000000000001}.Debug|Any CPU.ActiveCfg = Debug|Any CPU
		{C7000003-0000-0000-0000-000000000001}.Debug|Any CPU.Build.0 = Debug|Any CPU
		{C7000003-0000-0000-0000-000000000001}.Debug|x64.ActiveCfg = Debug|Any CPU
		{C7000003-0000-0000-0000-000000000001}.Debug|x64.Build.0 = Debug|Any CPU
		{C7000003-0000-0000-0000-000000000001}.Debug|x86.ActiveCfg = Debug|Any CPU
		{C7000003-0000-0000-0000-000000000001}.Debug|x86.Build.0 = Debug|Any CPU
		{C7000003-0000-0000-0000-000000000001}.Release|Any CPU.ActiveCfg = Release|Any CPU
		{C7000003-0000-0000-0000-000000000001}.Release|Any CPU.Build.0 = Release|Any CPU
		{C7000003-0000-0000-0000-000000000001}.Release|x64.ActiveCfg = Release|Any CPU
		{C7000003-0000-0000-0000-000000000001}.Release|x64.Build.0 = Release|Any CPU
		{C7000003-0000-0000-0000-000000000001}.Release|x86.ActiveCfg = Release|Any CPU
		{C7000003-0000-0000-0000-000000000001}.Release|x86.Build.0 = Release|Any CPU
		{40C43126-E202-42E3-B7E3-932DBB669728}.Debug|Any CPU.ActiveCfg = Debug|Any CPU
		{40C43126-E202-42E3-B7E3-932DBB669728}.Debug|Any CPU.Build.0 = Debug|Any CPU
		{40C43126-E202-42E3-B7E3-932DBB669728}.Debug|x64.ActiveCfg = Debug|Any CPU
		{40C43126-E202-42E3-B7E3-932DBB669728}.Debug|x64.Build.0 = Debug|Any CPU
		{40C43126-E202-42E3-B7E3-932DBB669728}.Debug|x86.ActiveCfg = Debug|Any CPU
		{40C43126-E202-42E3-B7E3-932DBB669728}.Debug|x86.Build.0 = Debug|Any CPU
		{40C43126-E202-42E3-B7E3-932DBB669728}.Release|Any CPU.ActiveCfg = Release|Any CPU
		{40C43126-E202-42E3-B7E3-932DBB669728}.Release|Any CPU.Build.0 = Release|Any CPU
		{40C43126-E202-42E3-B7E3-932DBB669728}.Release|x64.ActiveCfg = Release|Any CPU
		{40C43126-E202-42E3-B7E3-932DBB669728}.Release|x64.Build.0 = Release|Any CPU
		{40C43126-E202-42E3-B7E3-932DBB669728}.Release|x86.ActiveCfg = Release|Any CPU
		{40C43126-E202-42E3-B7E3-932DBB669728}.Release|x86.Build.0 = Release|Any CPU
		{970C2D9D-297C-446F-BE93-31C8190773F2}.Debug|Any CPU.ActiveCfg = Debug|Any CPU
		{970C2D9D-297C-446F-BE93-31C8190773F2}.Debug|Any CPU.Build.0 = Debug|Any CPU
		{970C2D9D-297C-446F-BE93-31C8190773F2}.Debug|x64.ActiveCfg = Debug|Any CPU
		{970C2D9D-297C-446F-BE93-31C8190773F2}.Debug|x64.Build.0 = Debug|Any CPU
		{970C2D9D-297C-446F-BE93-31C8190773F2}.Debug|x86.ActiveCfg = Debug|Any CPU
		{970C2D9D-297C-446F-BE93-31C8190773F2}.Debug|x86.Build.0 = Debug|Any CPU
		{970C2D9D-297C-446F-BE93-31C8190773F2}.Release|Any CPU.ActiveCfg = Release|Any CPU
		{970C2D9D-297C-446F-BE93-31C8190773F2}.Release|Any CPU.Build.0 = Release|Any CPU
		{970C2D9D-297C-446F-BE93-31C8190773F2}.Release|x64.ActiveCfg = Release|Any CPU
		{970C2D9D-297C-446F-BE93-31C8190773F2}.Release|x64.Build.0 = Release|Any CPU
		{970C2D9D-297C-446F-BE93-31C8190773F2}.Release|x86.ActiveCfg = Release|Any CPU
		{970C2D9D-297C-446F-BE93-31C8190773F2}.Release|x86.Build.0 = Release|Any CPU
		{FB13B34D-A682-48BE-8CA3-77FDBE431602}.Debug|Any CPU.ActiveCfg = Debug|Any CPU
		{FB13B34D-A682-48BE-8CA3-77FDBE431602}.Debug|Any CPU.Build.0 = Debug|Any CPU
		{FB13B34D-A682-48BE-8CA3-77FDBE431602}.Debug|Any CPU.Deploy.0 = Debug|Any CPU
		{FB13B34D-A682-48BE-8CA3-77FDBE431602}.Debug|x64.ActiveCfg = Debug|Any CPU
		{FB13B34D-A682-48BE-8CA3-77FDBE431602}.Debug|x64.Build.0 = Debug|Any CPU
		{FB13B34D-A682-48BE-8CA3-77FDBE431602}.Debug|x86.ActiveCfg = Debug|Any CPU
		{FB13B34D-A682-48BE-8CA3-77FDBE431602}.Debug|x86.Build.0 = Debug|Any CPU
		{FB13B34D-A682-48BE-8CA3-77FDBE431602}.Release|Any CPU.ActiveCfg = Release|Any CPU
		{FB13B34D-A682-48BE-8CA3-77FDBE431602}.Release|Any CPU.Build.0 = Release|Any CPU
		{FB13B34D-A682-48BE-8CA3-77FDBE431602}.Release|Any CPU.Deploy.0 = Release|Any CPU
		{FB13B34D-A682-48BE-8CA3-77FDBE431602}.Release|x64.ActiveCfg = Release|Any CPU
		{FB13B34D-A682-48BE-8CA3-77FDBE431602}.Release|x64.Build.0 = Release|Any CPU
		{FB13B34D-A682-48BE-8CA3-77FDBE431602}.Release|x86.ActiveCfg = Release|Any CPU
		{FB13B34D-A682-48BE-8CA3-77FDBE431602}.Release|x86.Build.0 = Release|Any CPU
		{47CED905-C254-4DC0-8A81-FA741F87945F}.Debug|Any CPU.ActiveCfg = Debug|Any CPU
		{47CED905-C254-4DC0-8A81-FA741F87945F}.Debug|Any CPU.Build.0 = Debug|Any CPU
		{47CED905-C254-4DC0-8A81-FA741F87945F}.Debug|x64.ActiveCfg = Debug|Any CPU
		{47CED905-C254-4DC0-8A81-FA741F87945F}.Debug|x64.Build.0 = Debug|Any CPU
		{47CED905-C254-4DC0-8A81-FA741F87945F}.Debug|x86.ActiveCfg = Debug|Any CPU
		{47CED905-C254-4DC0-8A81-FA741F87945F}.Debug|x86.Build.0 = Debug|Any CPU
		{47CED905-C254-4DC0-8A81-FA741F87945F}.Release|Any CPU.ActiveCfg = Release|Any CPU
		{47CED905-C254-4DC0-8A81-FA741F87945F}.Release|Any CPU.Build.0 = Release|Any CPU
		{47CED905-C254-4DC0-8A81-FA741F87945F}.Release|x64.ActiveCfg = Release|Any CPU
		{47CED905-C254-4DC0-8A81-FA741F87945F}.Release|x64.Build.0 = Release|Any CPU
		{47CED905-C254-4DC0-8A81-FA741F87945F}.Release|x86.ActiveCfg = Release|Any CPU
		{47CED905-C254-4DC0-8A81-FA741F87945F}.Release|x86.Build.0 = Release|Any CPU
		{91F82D12-34CB-4AFC-8652-6B521D9257E3}.Debug|Any CPU.ActiveCfg = Debug|Any CPU
		{91F82D12-34CB-4AFC-8652-6B521D9257E3}.Debug|Any CPU.Build.0 = Debug|Any CPU
		{91F82D12-34CB-4AFC-8652-6B521D9257E3}.Debug|x64.ActiveCfg = Debug|Any CPU
		{91F82D12-34CB-4AFC-8652-6B521D9257E3}.Debug|x64.Build.0 = Debug|Any CPU
		{91F82D12-34CB-4AFC-8652-6B521D9257E3}.Debug|x86.ActiveCfg = Debug|Any CPU
		{91F82D12-34CB-4AFC-8652-6B521D9257E3}.Debug|x86.Build.0 = Debug|Any CPU
		{91F82D12-34CB-4AFC-8652-6B521D9257E3}.Release|Any CPU.ActiveCfg = Release|Any CPU
		{91F82D12-34CB-4AFC-8652-6B521D9257E3}.Release|Any CPU.Build.0 = Release|Any CPU
		{91F82D12-34CB-4AFC-8652-6B521D9257E3}.Release|x64.ActiveCfg = Release|Any CPU
		{91F82D12-34CB-4AFC-8652-6B521D9257E3}.Release|x64.Build.0 = Release|Any CPU
		{91F82D12-34CB-4AFC-8652-6B521D9257E3}.Release|x86.ActiveCfg = Release|Any CPU
		{91F82D12-34CB-4AFC-8652-6B521D9257E3}.Release|x86.Build.0 = Release|Any CPU
		{F03E037E-7993-4214-A76B-B146DD62A93A}.Debug|Any CPU.ActiveCfg = Debug|Any CPU
		{F03E037E-7993-4214-A76B-B146DD62A93A}.Debug|Any CPU.Build.0 = Debug|Any CPU
		{F03E037E-7993-4214-A76B-B146DD62A93A}.Debug|x64.ActiveCfg = Debug|Any CPU
		{F03E037E-7993-4214-A76B-B146DD62A93A}.Debug|x64.Build.0 = Debug|Any CPU
		{F03E037E-7993-4214-A76B-B146DD62A93A}.Debug|x86.ActiveCfg = Debug|Any CPU
		{F03E037E-7993-4214-A76B-B146DD62A93A}.Debug|x86.Build.0 = Debug|Any CPU
		{F03E037E-7993-4214-A76B-B146DD62A93A}.Release|Any CPU.ActiveCfg = Release|Any CPU
		{F03E037E-7993-4214-A76B-B146DD62A93A}.Release|Any CPU.Build.0 = Release|Any CPU
		{F03E037E-7993-4214-A76B-B146DD62A93A}.Release|x64.ActiveCfg = Release|Any CPU
		{F03E037E-7993-4214-A76B-B146DD62A93A}.Release|x64.Build.0 = Release|Any CPU
		{F03E037E-7993-4214-A76B-B146DD62A93A}.Release|x86.ActiveCfg = Release|Any CPU
		{F03E037E-7993-4214-A76B-B146DD62A93A}.Release|x86.Build.0 = Release|Any CPU
		{477C5B1F-5427-48E1-BBAC-04F04D62574C}.Debug|Any CPU.ActiveCfg = Debug|Any CPU
		{477C5B1F-5427-48E1-BBAC-04F04D62574C}.Debug|Any CPU.Build.0 = Debug|Any CPU
		{477C5B1F-5427-48E1-BBAC-04F04D62574C}.Debug|x64.ActiveCfg = Debug|Any CPU
		{477C5B1F-5427-48E1-BBAC-04F04D62574C}.Debug|x64.Build.0 = Debug|Any CPU
		{477C5B1F-5427-48E1-BBAC-04F04D62574C}.Debug|x86.ActiveCfg = Debug|Any CPU
		{477C5B1F-5427-48E1-BBAC-04F04D62574C}.Debug|x86.Build.0 = Debug|Any CPU
		{477C5B1F-5427-48E1-BBAC-04F04D62574C}.Release|Any CPU.ActiveCfg = Release|Any CPU
		{477C5B1F-5427-48E1-BBAC-04F04D62574C}.Release|Any CPU.Build.0 = Release|Any CPU
		{477C5B1F-5427-48E1-BBAC-04F04D62574C}.Release|x64.ActiveCfg = Release|Any CPU
		{477C5B1F-5427-48E1-BBAC-04F04D62574C}.Release|x64.Build.0 = Release|Any CPU
		{477C5B1F-5427-48E1-BBAC-04F04D62574C}.Release|x86.ActiveCfg = Release|Any CPU
		{477C5B1F-5427-48E1-BBAC-04F04D62574C}.Release|x86.Build.0 = Release|Any CPU
		{3B30F3C0-E05D-45C6-816A-55995076D4BB}.Debug|Any CPU.ActiveCfg = Debug|Any CPU
		{3B30F3C0-E05D-45C6-816A-55995076D4BB}.Debug|Any CPU.Build.0 = Debug|Any CPU
		{3B30F3C0-E05D-45C6-816A-55995076D4BB}.Debug|x64.ActiveCfg = Debug|Any CPU
		{3B30F3C0-E05D-45C6-816A-55995076D4BB}.Debug|x64.Build.0 = Debug|Any CPU
		{3B30F3C0-E05D-45C6-816A-55995076D4BB}.Debug|x86.ActiveCfg = Debug|Any CPU
		{3B30F3C0-E05D-45C6-816A-55995076D4BB}.Debug|x86.Build.0 = Debug|Any CPU
		{3B30F3C0-E05D-45C6-816A-55995076D4BB}.Release|Any CPU.ActiveCfg = Release|Any CPU
		{3B30F3C0-E05D-45C6-816A-55995076D4BB}.Release|Any CPU.Build.0 = Release|Any CPU
		{3B30F3C0-E05D-45C6-816A-55995076D4BB}.Release|x64.ActiveCfg = Release|Any CPU
		{3B30F3C0-E05D-45C6-816A-55995076D4BB}.Release|x64.Build.0 = Release|Any CPU
		{3B30F3C0-E05D-45C6-816A-55995076D4BB}.Release|x86.ActiveCfg = Release|Any CPU
		{3B30F3C0-E05D-45C6-816A-55995076D4BB}.Release|x86.Build.0 = Release|Any CPU
		{D7CF0DE9-C89D-4ED1-9CF8-0FD943AF8723}.Debug|Any CPU.ActiveCfg = Debug|Any CPU
		{D7CF0DE9-C89D-4ED1-9CF8-0FD943AF8723}.Debug|Any CPU.Build.0 = Debug|Any CPU
		{D7CF0DE9-C89D-4ED1-9CF8-0FD943AF8723}.Debug|x64.ActiveCfg = Debug|Any CPU
		{D7CF0DE9-C89D-4ED1-9CF8-0FD943AF8723}.Debug|x64.Build.0 = Debug|Any CPU
		{D7CF0DE9-C89D-4ED1-9CF8-0FD943AF8723}.Debug|x86.ActiveCfg = Debug|Any CPU
		{D7CF0DE9-C89D-4ED1-9CF8-0FD943AF8723}.Debug|x86.Build.0 = Debug|Any CPU
		{D7CF0DE9-C89D-4ED1-9CF8-0FD943AF8723}.Release|Any CPU.ActiveCfg = Release|Any CPU
		{D7CF0DE9-C89D-4ED1-9CF8-0FD943AF8723}.Release|Any CPU.Build.0 = Release|Any CPU
		{D7CF0DE9-C89D-4ED1-9CF8-0FD943AF8723}.Release|x64.ActiveCfg = Release|Any CPU
		{D7CF0DE9-C89D-4ED1-9CF8-0FD943AF8723}.Release|x64.Build.0 = Release|Any CPU
		{D7CF0DE9-C89D-4ED1-9CF8-0FD943AF8723}.Release|x86.ActiveCfg = Release|Any CPU
		{D7CF0DE9-C89D-4ED1-9CF8-0FD943AF8723}.Release|x86.Build.0 = Release|Any CPU
		{28FEB109-DA59-4511-B35E-B528A81B1C26}.Debug|Any CPU.ActiveCfg = Debug|Any CPU
		{28FEB109-DA59-4511-B35E-B528A81B1C26}.Debug|Any CPU.Build.0 = Debug|Any CPU
		{28FEB109-DA59-4511-B35E-B528A81B1C26}.Debug|x64.ActiveCfg = Debug|Any CPU
		{28FEB109-DA59-4511-B35E-B528A81B1C26}.Debug|x64.Build.0 = Debug|Any CPU
		{28FEB109-DA59-4511-B35E-B528A81B1C26}.Debug|x86.ActiveCfg = Debug|Any CPU
		{28FEB109-DA59-4511-B35E-B528A81B1C26}.Debug|x86.Build.0 = Debug|Any CPU
		{28FEB109-DA59-4511-B35E-B528A81B1C26}.Release|Any CPU.ActiveCfg = Release|Any CPU
		{28FEB109-DA59-4511-B35E-B528A81B1C26}.Release|Any CPU.Build.0 = Release|Any CPU
		{28FEB109-DA59-4511-B35E-B528A81B1C26}.Release|x64.ActiveCfg = Release|Any CPU
		{28FEB109-DA59-4511-B35E-B528A81B1C26}.Release|x64.Build.0 = Release|Any CPU
		{28FEB109-DA59-4511-B35E-B528A81B1C26}.Release|x86.ActiveCfg = Release|Any CPU
		{28FEB109-DA59-4511-B35E-B528A81B1C26}.Release|x86.Build.0 = Release|Any CPU
		{3E51BE61-FDFE-4D01-B596-64F318DE4C9B}.Debug|Any CPU.ActiveCfg = Debug|Any CPU
		{3E51BE61-FDFE-4D01-B596-64F318DE4C9B}.Debug|Any CPU.Build.0 = Debug|Any CPU
		{3E51BE61-FDFE-4D01-B596-64F318DE4C9B}.Debug|x64.ActiveCfg = Debug|Any CPU
		{3E51BE61-FDFE-4D01-B596-64F318DE4C9B}.Debug|x64.Build.0 = Debug|Any CPU
		{3E51BE61-FDFE-4D01-B596-64F318DE4C9B}.Debug|x86.ActiveCfg = Debug|Any CPU
		{3E51BE61-FDFE-4D01-B596-64F318DE4C9B}.Debug|x86.Build.0 = Debug|Any CPU
		{3E51BE61-FDFE-4D01-B596-64F318DE4C9B}.Release|Any CPU.ActiveCfg = Release|Any CPU
		{3E51BE61-FDFE-4D01-B596-64F318DE4C9B}.Release|Any CPU.Build.0 = Release|Any CPU
		{3E51BE61-FDFE-4D01-B596-64F318DE4C9B}.Release|x64.ActiveCfg = Release|Any CPU
		{3E51BE61-FDFE-4D01-B596-64F318DE4C9B}.Release|x64.Build.0 = Release|Any CPU
		{3E51BE61-FDFE-4D01-B596-64F318DE4C9B}.Release|x86.ActiveCfg = Release|Any CPU
		{3E51BE61-FDFE-4D01-B596-64F318DE4C9B}.Release|x86.Build.0 = Release|Any CPU
		{8817EDC5-BD3F-4D61-B620-394191538B4C}.Debug|Any CPU.ActiveCfg = Debug|Any CPU
		{8817EDC5-BD3F-4D61-B620-394191538B4C}.Debug|Any CPU.Build.0 = Debug|Any CPU
		{8817EDC5-BD3F-4D61-B620-394191538B4C}.Debug|x64.ActiveCfg = Debug|Any CPU
		{8817EDC5-BD3F-4D61-B620-394191538B4C}.Debug|x64.Build.0 = Debug|Any CPU
		{8817EDC5-BD3F-4D61-B620-394191538B4C}.Debug|x86.ActiveCfg = Debug|Any CPU
		{8817EDC5-BD3F-4D61-B620-394191538B4C}.Debug|x86.Build.0 = Debug|Any CPU
		{8817EDC5-BD3F-4D61-B620-394191538B4C}.Release|Any CPU.ActiveCfg = Release|Any CPU
		{8817EDC5-BD3F-4D61-B620-394191538B4C}.Release|Any CPU.Build.0 = Release|Any CPU
		{8817EDC5-BD3F-4D61-B620-394191538B4C}.Release|x64.ActiveCfg = Release|Any CPU
		{8817EDC5-BD3F-4D61-B620-394191538B4C}.Release|x64.Build.0 = Release|Any CPU
		{8817EDC5-BD3F-4D61-B620-394191538B4C}.Release|x86.ActiveCfg = Release|Any CPU
		{8817EDC5-BD3F-4D61-B620-394191538B4C}.Release|x86.Build.0 = Release|Any CPU
		{1A278248-2759-4817-97DE-56C3EA174896}.Debug|Any CPU.ActiveCfg = Debug|Any CPU
		{1A278248-2759-4817-97DE-56C3EA174896}.Debug|Any CPU.Build.0 = Debug|Any CPU
		{1A278248-2759-4817-97DE-56C3EA174896}.Debug|x64.ActiveCfg = Debug|Any CPU
		{1A278248-2759-4817-97DE-56C3EA174896}.Debug|x64.Build.0 = Debug|Any CPU
		{1A278248-2759-4817-97DE-56C3EA174896}.Debug|x86.ActiveCfg = Debug|Any CPU
		{1A278248-2759-4817-97DE-56C3EA174896}.Debug|x86.Build.0 = Debug|Any CPU
		{1A278248-2759-4817-97DE-56C3EA174896}.Release|Any CPU.ActiveCfg = Release|Any CPU
		{1A278248-2759-4817-97DE-56C3EA174896}.Release|Any CPU.Build.0 = Release|Any CPU
		{1A278248-2759-4817-97DE-56C3EA174896}.Release|x64.ActiveCfg = Release|Any CPU
		{1A278248-2759-4817-97DE-56C3EA174896}.Release|x64.Build.0 = Release|Any CPU
		{1A278248-2759-4817-97DE-56C3EA174896}.Release|x86.ActiveCfg = Release|Any CPU
		{1A278248-2759-4817-97DE-56C3EA174896}.Release|x86.Build.0 = Release|Any CPU
		{BDA87176-7B1C-4BE9-9A2F-013147DA5897}.Debug|Any CPU.ActiveCfg = Debug|Any CPU
		{BDA87176-7B1C-4BE9-9A2F-013147DA5897}.Debug|Any CPU.Build.0 = Debug|Any CPU
		{BDA87176-7B1C-4BE9-9A2F-013147DA5897}.Debug|x64.ActiveCfg = Debug|Any CPU
		{BDA87176-7B1C-4BE9-9A2F-013147DA5897}.Debug|x64.Build.0 = Debug|Any CPU
		{BDA87176-7B1C-4BE9-9A2F-013147DA5897}.Debug|x86.ActiveCfg = Debug|Any CPU
		{BDA87176-7B1C-4BE9-9A2F-013147DA5897}.Debug|x86.Build.0 = Debug|Any CPU
		{BDA87176-7B1C-4BE9-9A2F-013147DA5897}.Release|Any CPU.ActiveCfg = Release|Any CPU
		{BDA87176-7B1C-4BE9-9A2F-013147DA5897}.Release|Any CPU.Build.0 = Release|Any CPU
		{BDA87176-7B1C-4BE9-9A2F-013147DA5897}.Release|x64.ActiveCfg = Release|Any CPU
		{BDA87176-7B1C-4BE9-9A2F-013147DA5897}.Release|x64.Build.0 = Release|Any CPU
		{BDA87176-7B1C-4BE9-9A2F-013147DA5897}.Release|x86.ActiveCfg = Release|Any CPU
		{BDA87176-7B1C-4BE9-9A2F-013147DA5897}.Release|x86.Build.0 = Release|Any CPU
		{250FFD69-EBD3-41A3-B3F6-D1F49BB19DD6}.Debug|Any CPU.ActiveCfg = Debug|Any CPU
		{250FFD69-EBD3-41A3-B3F6-D1F49BB19DD6}.Debug|Any CPU.Build.0 = Debug|Any CPU
		{250FFD69-EBD3-41A3-B3F6-D1F49BB19DD6}.Debug|x64.ActiveCfg = Debug|Any CPU
		{250FFD69-EBD3-41A3-B3F6-D1F49BB19DD6}.Debug|x64.Build.0 = Debug|Any CPU
		{250FFD69-EBD3-41A3-B3F6-D1F49BB19DD6}.Debug|x86.ActiveCfg = Debug|Any CPU
		{250FFD69-EBD3-41A3-B3F6-D1F49BB19DD6}.Debug|x86.Build.0 = Debug|Any CPU
		{250FFD69-EBD3-41A3-B3F6-D1F49BB19DD6}.Release|Any CPU.ActiveCfg = Release|Any CPU
		{250FFD69-EBD3-41A3-B3F6-D1F49BB19DD6}.Release|Any CPU.Build.0 = Release|Any CPU
		{250FFD69-EBD3-41A3-B3F6-D1F49BB19DD6}.Release|x64.ActiveCfg = Release|Any CPU
		{250FFD69-EBD3-41A3-B3F6-D1F49BB19DD6}.Release|x64.Build.0 = Release|Any CPU
		{250FFD69-EBD3-41A3-B3F6-D1F49BB19DD6}.Release|x86.ActiveCfg = Release|Any CPU
		{250FFD69-EBD3-41A3-B3F6-D1F49BB19DD6}.Release|x86.Build.0 = Release|Any CPU
		{C1C34F21-B90F-40D4-8D34-A3AABF4AED48}.Debug|Any CPU.ActiveCfg = Debug|Any CPU
		{C1C34F21-B90F-40D4-8D34-A3AABF4AED48}.Debug|Any CPU.Build.0 = Debug|Any CPU
		{C1C34F21-B90F-40D4-8D34-A3AABF4AED48}.Debug|x64.ActiveCfg = Debug|Any CPU
		{C1C34F21-B90F-40D4-8D34-A3AABF4AED48}.Debug|x64.Build.0 = Debug|Any CPU
		{C1C34F21-B90F-40D4-8D34-A3AABF4AED48}.Debug|x86.ActiveCfg = Debug|Any CPU
		{C1C34F21-B90F-40D4-8D34-A3AABF4AED48}.Debug|x86.Build.0 = Debug|Any CPU
		{C1C34F21-B90F-40D4-8D34-A3AABF4AED48}.Release|Any CPU.ActiveCfg = Release|Any CPU
		{C1C34F21-B90F-40D4-8D34-A3AABF4AED48}.Release|Any CPU.Build.0 = Release|Any CPU
		{C1C34F21-B90F-40D4-8D34-A3AABF4AED48}.Release|x64.ActiveCfg = Release|Any CPU
		{C1C34F21-B90F-40D4-8D34-A3AABF4AED48}.Release|x64.Build.0 = Release|Any CPU
		{C1C34F21-B90F-40D4-8D34-A3AABF4AED48}.Release|x86.ActiveCfg = Release|Any CPU
		{C1C34F21-B90F-40D4-8D34-A3AABF4AED48}.Release|x86.Build.0 = Release|Any CPU
		{73ECA68E-FA31-47D7-9C95-9F20018D3212}.Debug|Any CPU.ActiveCfg = Debug|Any CPU
		{73ECA68E-FA31-47D7-9C95-9F20018D3212}.Debug|Any CPU.Build.0 = Debug|Any CPU
		{73ECA68E-FA31-47D7-9C95-9F20018D3212}.Debug|x64.ActiveCfg = Debug|Any CPU
		{73ECA68E-FA31-47D7-9C95-9F20018D3212}.Debug|x64.Build.0 = Debug|Any CPU
		{73ECA68E-FA31-47D7-9C95-9F20018D3212}.Debug|x86.ActiveCfg = Debug|Any CPU
		{73ECA68E-FA31-47D7-9C95-9F20018D3212}.Debug|x86.Build.0 = Debug|Any CPU
		{73ECA68E-FA31-47D7-9C95-9F20018D3212}.Release|Any CPU.ActiveCfg = Release|Any CPU
		{73ECA68E-FA31-47D7-9C95-9F20018D3212}.Release|Any CPU.Build.0 = Release|Any CPU
		{73ECA68E-FA31-47D7-9C95-9F20018D3212}.Release|x64.ActiveCfg = Release|Any CPU
		{73ECA68E-FA31-47D7-9C95-9F20018D3212}.Release|x64.Build.0 = Release|Any CPU
		{73ECA68E-FA31-47D7-9C95-9F20018D3212}.Release|x86.ActiveCfg = Release|Any CPU
		{73ECA68E-FA31-47D7-9C95-9F20018D3212}.Release|x86.Build.0 = Release|Any CPU
	EndGlobalSection
	GlobalSection(SolutionProperties) = preSolution
		HideSolutionNode = FALSE
	EndGlobalSection
	GlobalSection(NestedProjects) = preSolution
		{A1B2C3D4-1001-0000-0000-000000000001} = {A1B2C3D4-0002-0000-0000-000000000001}
		{A1B2C3D4-2001-0000-0000-000000000001} = {A1B2C3D4-0002-0000-0000-000000000001}
		{A1B2C3D4-3001-0000-0000-000000000001} = {A1B2C3D4-0002-0000-0000-000000000001}
		{A1B2C3D4-4001-0000-0000-000000000001} = {A1B2C3D4-0002-0000-0000-000000000001}
		{B1000001-0000-0000-0000-000000000001} = {A1B2C3D4-0001-0000-0000-000000000001}
		{B1000002-0000-0000-0000-000000000001} = {A1B2C3D4-0001-0000-0000-000000000001}
		{B1000004-0000-0000-0000-000000000001} = {A1B2C3D4-0001-0000-0000-000000000001}
		{B1000003-0000-0000-0000-000000000001} = {A1B2C3D4-0003-0000-0000-000000000001}
		{C1000001-0000-0000-0000-000000000001} = {A1B2C3D4-1001-0000-0000-000000000001}
		{C1000002-0000-0000-0000-000000000001} = {A1B2C3D4-1001-0000-0000-000000000001}
		{C1000003-0000-0000-0000-000000000001} = {A1B2C3D4-1001-0000-0000-000000000001}
		{C2000001-0000-0000-0000-000000000001} = {A1B2C3D4-2001-0000-0000-000000000001}
		{C2000002-0000-0000-0000-000000000001} = {A1B2C3D4-2001-0000-0000-000000000001}
		{C2000003-0000-0000-0000-000000000001} = {A1B2C3D4-2001-0000-0000-000000000001}
		{C3000001-0000-0000-0000-000000000001} = {A1B2C3D4-3001-0000-0000-000000000001}
		{C3000002-0000-0000-0000-000000000001} = {A1B2C3D4-3001-0000-0000-000000000001}
		{C3000003-0000-0000-0000-000000000001} = {A1B2C3D4-3001-0000-0000-000000000001}
		{C4000001-0000-0000-0000-000000000001} = {A1B2C3D4-4001-0000-0000-000000000001}
		{C4000002-0000-0000-0000-000000000001} = {A1B2C3D4-4001-0000-0000-000000000001}
		{C4000003-0000-0000-0000-000000000001} = {A1B2C3D4-4001-0000-0000-000000000001}
		{A1B2C3D4-5001-0000-0000-000000000001} = {A1B2C3D4-0002-0000-0000-000000000001}
		{20F9C04F-53B8-4AE0-9550-DA72213C35EA} = {A1B2C3D4-5001-0000-0000-000000000001}
		{81365CDB-EB28-4930-8F1D-CB25B8117AF1} = {A1B2C3D4-5001-0000-0000-000000000001}
		{CD73C57C-C46A-470F-B2C9-703C6388AC36} = {A1B2C3D4-5001-0000-0000-000000000001}
		{A1B2C3D4-6001-0000-0000-000000000001} = {A1B2C3D4-0002-0000-0000-000000000001}
		{C6000001-0000-0000-0000-000000000001} = {A1B2C3D4-6001-0000-0000-000000000001}
		{C6000002-0000-0000-0000-000000000001} = {A1B2C3D4-6001-0000-0000-000000000001}
		{C6000003-0000-0000-0000-000000000001} = {A1B2C3D4-6001-0000-0000-000000000001}
		{A1B2C3D4-7001-0000-0000-000000000001} = {A1B2C3D4-0002-0000-0000-000000000001}
		{C7000001-0000-0000-0000-000000000001} = {A1B2C3D4-7001-0000-0000-000000000001}
		{C7000002-0000-0000-0000-000000000001} = {A1B2C3D4-7001-0000-0000-000000000001}
		{C7000003-0000-0000-0000-000000000001} = {A1B2C3D4-7001-0000-0000-000000000001}
		{3BF06301-3239-54F7-30C7-AC05575DA22E} = {A1B2C3D4-0002-0000-0000-000000000001}
		{40C43126-E202-42E3-B7E3-932DBB669728} = {3BF06301-3239-54F7-30C7-AC05575DA22E}
		{970C2D9D-297C-446F-BE93-31C8190773F2} = {3BF06301-3239-54F7-30C7-AC05575DA22E}
		{FB13B34D-A682-48BE-8CA3-77FDBE431602} = {3BF06301-3239-54F7-30C7-AC05575DA22E}
		{47CED905-C254-4DC0-8A81-FA741F87945F} = {07C2787E-EAC7-C090-1BA3-A61EC2A24D84}
		{CDFD87C4-AF87-0765-9179-C98F95EF531E} = {AD2A5A3B-A595-3E96-334A-002D08FE630C}
		{91F82D12-34CB-4AFC-8652-6B521D9257E3} = {CDFD87C4-AF87-0765-9179-C98F95EF531E}
		{F03E037E-7993-4214-A76B-B146DD62A93A} = {CDFD87C4-AF87-0765-9179-C98F95EF531E}
		{477C5B1F-5427-48E1-BBAC-04F04D62574C} = {CDFD87C4-AF87-0765-9179-C98F95EF531E}
		{3B30F3C0-E05D-45C6-816A-55995076D4BB} = {0AB3BF05-4346-4AA6-1389-037BE0695223}
		{AD2A5A3B-A595-3E96-334A-002D08FE630C} = {827E0CD3-B72D-47B6-A68D-7590B98EB39B}
		{94C6F543-D752-257F-66AD-D186122F4138} = {AD2A5A3B-A595-3E96-334A-002D08FE630C}
		{D7CF0DE9-C89D-4ED1-9CF8-0FD943AF8723} = {0AB3BF05-4346-4AA6-1389-037BE0695223}
		{4217719E-3E58-90B2-50A7-68E509579D19} = {AD2A5A3B-A595-3E96-334A-002D08FE630C}
		{28FEB109-DA59-4511-B35E-B528A81B1C26} = {0AB3BF05-4346-4AA6-1389-037BE0695223}
		{3E51BE61-FDFE-4D01-B596-64F318DE4C9B} = {0AB3BF05-4346-4AA6-1389-037BE0695223}
		{8817EDC5-BD3F-4D61-B620-394191538B4C} = {0AB3BF05-4346-4AA6-1389-037BE0695223}
		{5E7EC0AF-E837-5B7A-FB41-A4DCCA877D1F} = {827E0CD3-B72D-47B6-A68D-7590B98EB39B}
		{1A278248-2759-4817-97DE-56C3EA174896} = {0AB3BF05-4346-4AA6-1389-037BE0695223}
		{AD833A8E-31CB-AE4A-DAF2-9E8D6841A831} = {AD2A5A3B-A595-3E96-334A-002D08FE630C}
		{BDA87176-7B1C-4BE9-9A2F-013147DA5897} = {0AB3BF05-4346-4AA6-1389-037BE0695223}
		{AF3CBDC1-20E6-4B1C-C1B1-D1421EE4E4D4} = {AD2A5A3B-A595-3E96-334A-002D08FE630C}
		{250FFD69-EBD3-41A3-B3F6-D1F49BB19DD6} = {0AB3BF05-4346-4AA6-1389-037BE0695223}
		{C1C34F21-B90F-40D4-8D34-A3AABF4AED48} = {0AB3BF05-4346-4AA6-1389-037BE0695223}
		{73D10DB8-6871-9340-DB26-D5650ACD39F9} = {AD2A5A3B-A595-3E96-334A-002D08FE630C}
		{73ECA68E-FA31-47D7-9C95-9F20018D3212} = {0AB3BF05-4346-4AA6-1389-037BE0695223}
		{9B2C4A21-0274-9E13-90E1-404FF7D86C23} = {AD2A5A3B-A595-3E96-334A-002D08FE630C}
	EndGlobalSection
	GlobalSection(ExtensibilityGlobals) = postSolution
		SolutionGuid = {EAAEA93B-578B-49A5-AAF0-F6B6A6D6CD31}
	EndGlobalSection
EndGlobal
